
Microsoft Visual Studio Solution File, Format Version 12.00
# Visual Studio Version 17
VisualStudioVersion = 17.0.31903.59
MinimumVisualStudioVersion = 10.0.40219.1
Project("{FAE04EC0-301F-11D3-BF4B-00C04F79EFBC}") = "DSLabCLI", "DSLabCLI\DSLabCLI.csproj", "{7B3A5EF9-9CBF-484B-854A-30898F53D724}"
EndProject
Project("{FAE04EC0-301F-11D3-BF4B-00C04F79EFBC}") = "DSLabLib", "DSLabLib\DSLabLib.csproj", "{CD21922B-4E08-47A8-B324-CBBACC0CBE01}"
EndProject
Global
	GlobalSection(SolutionConfigurationPlatforms) = preSolution
		Debug|Any CPU = Debug|Any CPU
		Release|Any CPU = Release|Any CPU
	EndGlobalSection
	GlobalSection(SolutionProperties) = preSolution
		HideSolutionNode = FALSE
	EndGlobalSection
	GlobalSection(ProjectConfigurationPlatforms) = postSolution
		{7B3A5EF9-9CBF-484B-854A-30898F53D724}.Debug|Any CPU.ActiveCfg = Debug|Any CPU
		{7B3A5EF9-9CBF-484B-854A-30898F53D724}.Debug|Any CPU.Build.0 = Debug|Any CPU
		{7B3A5EF9-9CBF-484B-854A-30898F53D724}.Release|Any CPU.ActiveCfg = Release|Any CPU
		{7B3A5EF9-9CBF-484B-854A-30898F53D724}.Release|Any CPU.Build.0 = Release|Any CPU
		{CD21922B-4E08-47A8-B324-CBBACC0CBE01}.Debug|Any CPU.ActiveCfg = Debug|Any CPU
		{CD21922B-4E08-47A8-B324-CBBACC0CBE01}.Debug|Any CPU.Build.0 = Debug|Any CPU
		{CD21922B-4E08-47A8-B324-CBBACC0CBE01}.Release|Any CPU.ActiveCfg = Release|Any CPU
		{CD21922B-4E08-47A8-B324-CBBACC0CBE01}.Release|Any CPU.Build.0 = Release|Any CPU
	EndGlobalSection
EndGlobal
